Microsoft Visual Studio Solution File, Format Version 12.00
# Visual Studio Version 17
VisualStudioVersion = 17.5.2.0
MinimumVisualStudioVersion = 10.0.40219.1
Project("{FAE04EC0-301F-11D3-BF4B-00C04F79EFBC}") = "BepInExInstaller", "BepInExInstaller.csproj", "{3CBD4F1E-66F2-7722-E751-17372D70926C}"
EndProject
Global
	GlobalSection(SolutionConfigurationPlatforms) = preSolution
		Debug|Any CPU = Debug|Any CPU
		Release|Any CPU = Release|Any CPU
	EndGlobalSection
	GlobalSection(ProjectConfigurationPlatforms) = postSolution
		{3CBD4F1E-66F2-7722-E751-17372D70926C}.Debug|Any CPU.ActiveCfg = Debug|Any CPU
		{3CBD4F1E-66F2-7722-E751-17372D70926C}.Debug|Any CPU.Build.0 = Debug|Any CPU
		{3CBD4F1E-66F2-7722-E751-17372D70926C}.Release|Any CPU.ActiveCfg = Release|Any CPU
		{3CBD4F1E-66F2-7722-E751-17372D70926C}.Release|Any CPU.Build.0 = Release|Any CPU
	EndGlobalSection
	GlobalSection(SolutionProperties) = preSolution
		HideSolutionNode = FALSE
	EndGlobalSection
	GlobalSection(ExtensibilityGlobals) = postSolution
		SolutionGuid = {F6BEEE68-7906-4144-B839-4754A6630DCC}
	EndGlobalSection
EndGlobal
